{
  "name": "codelogs-blogs",
  "lockfileVersion": 3,
  "requires": true,
  "packages": {
    "": {
      "dependencies": {
        "@mrunal121/codelogs-blog-common": "^1.0.0"
      }
    },
    "node_modules/@mrunal121/codelogs-blog-common": {
      "version": "1.0.0",
      "resolved": "https://registry.npmjs.org/@mrunal121/codelogs-blog-common/-/codelogs-blog-common-1.0.0.tgz",
      "integrity": "sha512-u3n5g1kqVDIubjytj7hLQcmZMdV7d9K9qUzmLHDye3sPByIKqw1qRSY2LgcROgo2pNh5hgqNlwWqD1TABmYFng==",
      "license": "ISC",
      "dependencies": {
        "zod": "^4.0.14"
      }
    },
    "node_modules/zod": {
      "version": "4.0.14",
      "resolved": "https://registry.npmjs.org/zod/-/zod-4.0.14.tgz",
      "integrity": "sha512-nGFJTnJN6cM2v9kXL+SOBq3AtjQby3Mv5ySGFof5UGRHrRioSJ5iG680cYNjE/yWk671nROcpPj4hAS8nyLhSw==",
      "license": "MIT",
      "funding": {
        "url": "https://github.com/sponsors/colinhacks"
      }
    }
  }
}
